// !$*UTF8*$!
{
	archiveVersion = 1;
	classes = {
	};
	objectVersion = 46;
	objects = {

/* Begin PBXBuildFile section */
		D9AFF7A318FBEC6D00EF194D /* Foundation.framework in Frameworks */ = {isa = PBXBuildFile; fileRef = D9AFF7A218FBEC6D00EF194D /* Foundation.framework */; };
		D9AFF7A518FBEC6D00EF194D /* CoreGraphics.framework in Frameworks */ = {isa = PBXBuildFile; fileRef = D9AFF7A418FBEC6D00EF194D /* CoreGraphics.framework */; };
		D9AFF7A718FBEC6D00EF194D /* UIKit.framework in Frameworks */ = {isa = PBXBuildFile; fileRef = D9AFF7A618FBEC6D00EF194D /* UIKit.framework */; };
		D9AFF7A918FBEC6D00EF194D /* SpriteKit.framework in Frameworks */ = {isa = PBXBuildFile; fileRef = D9AFF7A818FBEC6D00EF194D /* SpriteKit.framework */; };
		D9AFF7AF18FBEC6D00EF194D /* InfoPlist.strings in Resources */ = {isa = PBXBuildFile; fileRef = D9AFF7AD18FBEC6D00EF194D /* InfoPlist.strings */; };
		D9AFF7B118FBEC6D00EF194D /* main.m in Sources */ = {isa = PBXBuildFile; fileRef = D9AFF7B018FBEC6D00EF194D /* main.m */; };
		D9AFF7B518FBEC6D00EF194D /* STFAppDelegate.m in Sources */ = {isa = PBXBuildFile; fileRef = D9AFF7B418FBEC6D00EF194D /* STFAppDelegate.m */; };
		D9AFF7B818FBEC6D00EF194D /* Main.storyboard in Resources */ = {isa = PBXBuildFile; fileRef = D9AFF7B618FBEC6D00EF194D /* Main.storyboard */; };
		D9AFF7BB18FBEC6D00EF194D /* STFViewController.m in Sources */ = {isa = PBXBuildFile; fileRef = D9AFF7BA18FBEC6D00EF194D /* STFViewController.m */; };
		D9AFF7BE18FBEC6D00EF194D /* STFMyScene.m in Sources */ = {isa = PBXBuildFile; fileRef = D9AFF7BD18FBEC6D00EF194D /* STFMyScene.m */; };
		D9AFF7C018FBEC6D00EF194D /* Spaceship.png in Resources */ = {isa = PBXBuildFile; fileRef = D9AFF7BF18FBEC6D00EF194D /* Spaceship.png */; };
		D9AFF7C218FBEC6D00EF194D /* Images.xcassets in Resources */ = {isa = PBXBuildFile; fileRef = D9AFF7C118FBEC6D00EF194D /* Images.xcassets */; };
		D9AFF7C918FBEC6D00EF194D /* XCTest.framework in Frameworks */ = {isa = PBXBuildFile; fileRef = D9AFF7C818FBEC6D00EF194D /* XCTest.framework */; };
		D9AFF7CA18FBEC6D00EF194D /* Foundation.framework in Frameworks */ = {isa = PBXBuildFile; fileRef = D9AFF7A218FBEC6D00EF194D /* Foundation.framework */; };
		D9AFF7CB18FBEC6D00EF194D /* UIKit.framework in Frameworks */ = {isa = PBXBuildFile; fileRef = D9AFF7A618FBEC6D00EF194D /* UIKit.framework */; };
		D9AFF7D318FBEC6D00EF194D /* InfoPlist.strings in Resources */ = {isa = PBXBuildFile; fileRef = D9AFF7D118FBEC6D00EF194D /* InfoPlist.strings */; };
		D9AFF7D518FBEC6D00EF194D /* Star_FartsTests.m in Sources */ = {isa = PBXBuildFile; fileRef = D9AFF7D418FBEC6D00EF194D /* Star_FartsTests.m */; };
/* End PBXBuildFile section */

/* Begin PBXContainerItemProxy section */
		D9AFF7CC18FBEC6D00EF194D /* PBXContainerItemProxy */ = {
			isa = PBXContainerItemProxy;
			containerPortal = D9AFF79718FBEC6D00EF194D /* Project object */;
			proxyType = 1;
			remoteGlobalIDString = D9AFF79E18FBEC6D00EF194D;
			remoteInfo = "Star Farts";
		};
/* End PBXContainerItemProxy section */

/* Begin PBXFileReference section */
		D9AFF79F18FBEC6D00EF194D /* Star Far.app */ = {isa = PBXFileReference; explicitFileType = wrapper.application; includeInIndex = 0; path = "Star Far.app"; sourceTree = BUILT_PRODUCTS_DIR; };
		D9AFF7A218FBEC6D00EF194D /* Foundation.framework */ = {isa = PBXFileReference; lastKnownFileType = wrapper.framework; name = Foundation.framework; path = System/Library/Frameworks/Foundation.framework; sourceTree = SDKROOT; };
		D9AFF7A418FBEC6D00EF194D /* CoreGraphics.framework */ = {isa = PBXFileReference; lastKnownFileType = wrapper.framework; name = CoreGraphics.framework; path = System/Library/Frameworks/CoreGraphics.framework; sourceTree = SDKROOT; };
		D9AFF7A618FBEC6D00EF194D /* UIKit.framework */ = {isa = PBXFileReference; lastKnownFileType = wrapper.framework; name = UIKit.framework; path = System/Library/Frameworks/UIKit.framework; sourceTree = SDKROOT; };
		D9AFF7A818FBEC6D00EF194D /* SpriteKit.framework */ = {isa = PBXFileReference; lastKnownFileType = wrapper.framework; name = SpriteKit.framework; path = System/Library/Frameworks/SpriteKit.framework; sourceTree = SDKROOT; };
		D9AFF7AC18FBEC6D00EF194D /* Star Far-Info.plist */ = {isa = PBXFileReference; lastKnownFileType = text.plist.xml; path = "Star Far-Info.plist"; sourceTree = "<group>"; };
		D9AFF7AE18FBEC6D00EF194D /* en */ = {isa = PBXFileReference; lastKnownFileType = text.plist.strings; name = en; path = en.lproj/InfoPlist.strings; sourceTree = "<group>"; };
		D9AFF7B018FBEC6D00EF194D /* main.m */ = {isa = PBXFileReference; lastKnownFileType = sourcecode.c.objc; path = main.m; sourceTree = "<group>"; };
		D9AFF7B218FBEC6D00EF194D /* Star Far-Prefix.pch */ = {isa = PBXFileReference; lastKnownFileType = sourcecode.c.h; path = "Star Far-Prefix.pch"; sourceTree = "<group>"; };
		D9AFF7B318FBEC6D00EF194D /* STFAppDelegate.h */ = {isa = PBXFileReference; lastKnownFileType = sourcecode.c.h; path = STFAppDelegate.h; sourceTree = "<group>"; };
		D9AFF7B418FBEC6D00EF194D /* STFAppDelegate.m */ = {isa = PBXFileReference; lastKnownFileType = sourcecode.c.objc; path = STFAppDelegate.m; sourceTree = "<group>"; };
		D9AFF7B718FBEC6D00EF194D /* Base */ = {isa = PBXFileReference; lastKnownFileType = file.storyboard; name = Base; path = Base.lproj/Main.storyboard; sourceTree = "<group>"; };
		D9AFF7B918FBEC6D00EF194D /* STFViewController.h */ = {isa = PBXFileReference; lastKnownFileType = sourcecode.c.h; path = STFViewController.h; sourceTree = "<group>"; };
		D9AFF7BA18FBEC6D00EF194D /* STFViewController.m */ = {isa = PBXFileReference; lastKnownFileType = sourcecode.c.objc; path = STFViewController.m; sourceTree = "<group>"; };
		D9AFF7BC18FBEC6D00EF194D /* STFMyScene.h */ = {isa = PBXFileReference; lastKnownFileType = sourcecode.c.h; path = STFMyScene.h; sourceTree = "<group>"; };
		D9AFF7BD18FBEC6D00EF194D /* STFMyScene.m */ = {isa = PBXFileReference; lastKnownFileType = sourcecode.c.objc; path = STFMyScene.m; sourceTree = "<group>"; };
		D9AFF7BF18FBEC6D00EF194D /* Spaceship.png */ = {isa = PBXFileReference; lastKnownFileType = image.png; path = Spaceship.png; sourceTree = "<group>"; };
		D9AFF7C118FBEC6D00EF194D /* Images.xcassets */ = {isa = PBXFileReference; lastKnownFileType = folder.assetcatalog; path = Images.xcassets; sourceTree = "<group>"; };
		D9AFF7C718FBEC6D00EF194D /* Star FarTests.xctest */ = {isa = PBXFileReference; explicitFileType = wrapper.cfbundle; includeInIndex = 0; path = "Star FarTests.xctest"; sourceTree = BUILT_PRODUCTS_DIR; };
		D9AFF7C818FBEC6D00EF194D /* XCTest.framework */ = {isa = PBXFileReference; lastKnownFileType = wrapper.framework; name = XCTest.framework; path = Library/Frameworks/XCTest.framework; sourceTree = DEVELOPER_DIR; };
		D9AFF7D018FBEC6D00EF194D /* Star FarTests-Info.plist */ = {isa = PBXFileReference; lastKnownFileType = text.plist.xml; path = "Star FarTests-Info.plist"; sourceTree = "<group>"; };
		D9AFF7D218FBEC6D00EF194D /* en */ = {isa = PBXFileReference; lastKnownFileType = text.plist.strings; name = en; path = en.lproj/InfoPlist.strings; sourceTree = "<group>"; };
		D9AFF7D418FBEC6D00EF194D /* Star_FartsTests.m */ = {isa = PBXFileReference; lastKnownFileType = sourcecode.c.objc; path = Star_FartsTests.m; sourceTree = "<group>"; };
/* End PBXFileReference section */

/* Begin PBXFrameworksBuildPhase section */
		D9AFF79C18FBEC6D00EF194D /* Frameworks */ = {
			isa = PBXFrameworksBuildPhase;
			buildActionMask = 2147483647;
			files = (
				D9AFF7A518FBEC6D00EF194D /* CoreGraphics.framework in Frameworks */,
				D9AFF7A718FBEC6D00EF194D /* UIKit.framework in Frameworks */,
				D9AFF7A918FBEC6D00EF194D /* SpriteKit.framework in Frameworks */,
				D9AFF7A318FBEC6D00EF194D /* Foundation.framework in Frameworks */,
			);
			runOnlyForDeploymentPostprocessing = 0;
		};
		D9AFF7C418FBEC6D00EF194D /* Frameworks */ = {
			isa = PBXFrameworksBuildPhase;
			buildActionMask = 2147483647;
			files = (
				D9AFF7C918FBEC6D00EF194D /* XCTest.framework in Frameworks */,
				D9AFF7CB18FBEC6D00EF194D /* UIKit.framework in Frameworks */,
				D9AFF7CA18FBEC6D00EF194D /* Foundation.framework in Frameworks */,
			);
			runOnlyForDeploymentPostprocessing = 0;
		};
/* End PBXFrameworksBuildPhase section */

/* Begin PBXGroup section */
		D9AFF79618FBEC6D00EF194D = {
			isa = PBXGroup;
			children = (
				D9AFF7AA18FBEC6D00EF194D /* Star Far */,
				D9AFF7CE18FBEC6D00EF194D /* Star FarTests */,
				D9AFF7A118FBEC6D00EF194D /* Frameworks */,
				D9AFF7A018FBEC6D00EF194D /* Products */,
			);
			sourceTree = "<group>";
		};
		D9AFF7A018FBEC6D00EF194D /* Products */ = {
			isa = PBXGroup;
			children = (
				D9AFF79F18FBEC6D00EF194D /* Star Far.app */,
				D9AFF7C718FBEC6D00EF194D /* Star FarTests.xctest */,
			);
			name = Products;
			sourceTree = "<group>";
		};
		D9AFF7A118FBEC6D00EF194D /* Frameworks */ = {
			isa = PBXGroup;
			children = (
				D9AFF7A218FBEC6D00EF194D /* Foundation.framework */,
				D9AFF7A418FBEC6D00EF194D /* CoreGraphics.framework */,
				D9AFF7A618FBEC6D00EF194D /* UIKit.framework */,
				D9AFF7A818FBEC6D00EF194D /* SpriteKit.framework */,
				D9AFF7C818FBEC6D00EF194D /* XCTest.framework */,
			);
			name = Frameworks;
			sourceTree = "<group>";
		};
		D9AFF7AA18FBEC6D00EF194D /* Star Far */ = {
			isa = PBXGroup;
			children = (
				D9AFF7B318FBEC6D00EF194D /* STFAppDelegate.h */,
				D9AFF7B418FBEC6D00EF194D /* STFAppDelegate.m */,
				D9AFF7B618FBEC6D00EF194D /* Main.storyboard */,
				D9AFF7B918FBEC6D00EF194D /* STFViewController.h */,
				D9AFF7BA18FBEC6D00EF194D /* STFViewController.m */,
				D9AFF7BC18FBEC6D00EF194D /* STFMyScene.h */,
				D9AFF7BD18FBEC6D00EF194D /* STFMyScene.m */,
				D9AFF7BF18FBEC6D00EF194D /* Spaceship.png */,
				D9AFF7C118FBEC6D00EF194D /* Images.xcassets */,
				D9AFF7AB18FBEC6D00EF194D /* Supporting Files */,
			);
			path = "Star Far";
			sourceTree = "<group>";
		};
		D9AFF7AB18FBEC6D00EF194D /* Supporting Files */ = {
			isa = PBXGroup;
			children = (
				D9AFF7AC18FBEC6D00EF194D /* Star Far-Info.plist */,
				D9AFF7AD18FBEC6D00EF194D /* InfoPlist.strings */,
				D9AFF7B018FBEC6D00EF194D /* main.m */,
				D9AFF7B218FBEC6D00EF194D /* Star Far-Prefix.pch */,
			);
			name = "Supporting Files";
			sourceTree = "<group>";
		};
		D9AFF7CE18FBEC6D00EF194D /* Star FarTests */ = {
			isa = PBXGroup;
			children = (
				D9AFF7D418FBEC6D00EF194D /* Star_FartsTests.m */,
				D9AFF7CF18FBEC6D00EF194D /* Supporting Files */,
			);
			path = "Star FarTests";
			sourceTree = "<group>";
		};
		D9AFF7CF18FBEC6D00EF194D /* Supporting Files */ = {
			isa = PBXGroup;
			children = (
				D9AFF7D018FBEC6D00EF194D /* Star FarTests-Info.plist */,
				D9AFF7D118FBEC6D00EF194D /* InfoPlist.strings */,
			);
			name = "Supporting Files";
			sourceTree = "<group>";
		};
/* End PBXGroup section */

/* Begin PBXNativeTarget section */
		D9AFF79E18FBEC6D00EF194D /* Star Far */ = {
			isa = PBXNativeTarget;
			buildConfigurationList = D9AFF7D818FBEC6D00EF194D /* Build configuration list for PBXNativeTarget "Star Far" */;
			buildPhases = (
				D9AFF79B18FBEC6D00EF194D /* Sources */,
				D9AFF79C18FBEC6D00EF194D /* Frameworks */,
				D9AFF79D18FBEC6D00EF194D /* Resources */,
			);
			buildRules = (
			);
			dependencies = (
			);
			name = "Star Far";
			productName = "Star Farts";
			productReference = D9AFF79F18FBEC6D00EF194D /* Star Far.app */;
			productType = "com.apple.product-type.application";
		};
		D9AFF7C618FBEC6D00EF194D /* Star FarTests */ = {
			isa = PBXNativeTarget;
			buildConfigurationList = D9AFF7DB18FBEC6D00EF194D /* Build configuration list for PBXNativeTarget "Star FarTests" */;
			buildPhases = (
				D9AFF7C318FBEC6D00EF194D /* Sources */,
				D9AFF7C418FBEC6D00EF194D /* Frameworks */,
				D9AFF7C518FBEC6D00EF194D /* Resources */,
			);
			buildRules = (
			);
			dependencies = (
				D9AFF7CD18FBEC6D00EF194D /* PBXTargetDependency */,
			);
			name = "Star FarTests";
			productName = "Star FartsTests";
			productReference = D9AFF7C718FBEC6D00EF194D /* Star FarTests.xctest */;
			productType = "com.apple.product-type.bundle.unit-test";
		};
/* End PBXNativeTarget section */

/* Begin PBXProject section */
		D9AFF79718FBEC6D00EF194D /* Project object */ = {
			isa = PBXProject;
			attributes = {
				CLASSPREFIX = STF;
				LastUpgradeCheck = 0900;
				ORGANIZATIONNAME = Aggelos;
				TargetAttributes = {
					D9AFF7C618FBEC6D00EF194D = {
						TestTargetID = D9AFF79E18FBEC6D00EF194D;
					};
				};
			};
			buildConfigurationList = D9AFF79A18FBEC6D00EF194D /* Build configuration list for PBXProject "Star Far" */;
			compatibilityVersion = "Xcode 3.2";
			developmentRegion = English;
			hasScannedForEncodings = 0;
			knownRegions = (
				en,
				Base,
			);
			mainGroup = D9AFF79618FBEC6D00EF194D;
			productRefGroup = D9AFF7A018FBEC6D00EF194D /* Products */;
			projectDirPath = "";
			projectRoot = "";
			targets = (
				D9AFF79E18FBEC6D00EF194D /* Star Far */,
				D9AFF7C618FBEC6D00EF194D /* Star FarTests */,
			);
		};
/* End PBXProject section */

/* Begin PBXResourcesBuildPhase section */
		D9AFF79D18FBEC6D00EF194D /* Resources */ = {
			isa = PBXResourcesBuildPhase;
			buildActionMask = 2147483647;
			files = (
				D9AFF7AF18FBEC6D00EF194D /* InfoPlist.strings in Resources */,
				D9AFF7C218FBEC6D00EF194D /* Images.xcassets in Resources */,
				D9AFF7C018FBEC6D00EF194D /* Spaceship.png in Resources */,
				D9AFF7B818FBEC6D00EF194D /* Main.storyboard in Resources */,
			);
			runOnlyForDeploymentPostprocessing = 0;
		};
		D9AFF7C518FBEC6D00EF194D /* Resources */ = {
			isa = PBXResourcesBuildPhase;
			buildActionMask = 2147483647;
			files = (
				D9AFF7D318FBEC6D00EF194D /* InfoPlist.strings in Resources */,
			);
			runOnlyForDeploymentPostprocessing = 0;
		};
/* End PBXResourcesBuildPhase section */

/* Begin PBXSourcesBuildPhase section */
		D9AFF79B18FBEC6D00EF194D /* Sources */ = {
			isa = PBXSourcesBuildPhase;
			buildActionMask = 2147483647;
			files = (
				D9AFF7BE18FBEC6D00EF194D /* STFMyScene.m in Sources */,
				D9AFF7B518FBEC6D00EF194D /* STFAppDelegate.m in Sources */,
				D9AFF7B118FBEC6D00EF194D /* main.m in Sources */,
				D9AFF7BB18FBEC6D00EF194D /* STFViewController.m in Sources */,
			);
			runOnlyForDeploymentPostprocessing = 0;
		};
		D9AFF7C318FBEC6D00EF194D /* Sources */ = {
			isa = PBXSourcesBuildPhase;
			buildActionMask = 2147483647;
			files = (
				D9AFF7D518FBEC6D00EF194D /* Star_FartsTests.m in Sources */,
			);
			runOnlyForDeploymentPostprocessing = 0;
		};
/* End PBXSourcesBuildPhase section */

/* Begin PBXTargetDependency section */
		D9AFF7CD18FBEC6D00EF194D /* PBXTargetDependency */ = {
			isa = PBXTargetDependency;
			target = D9AFF79E18FBEC6D00EF194D /* Star Far */;
			targetProxy = D9AFF7CC18FBEC6D00EF194D /* PBXContainerItemProxy */;
		};
/* End PBXTargetDependency section */

/* Begin PBXVariantGroup section */
		D9AFF7AD18FBEC6D00EF194D /* InfoPlist.strings */ = {
			isa = PBXVariantGroup;
			children = (
				D9AFF7AE18FBEC6D00EF194D /* en */,
			);
			name = InfoPlist.strings;
			sourceTree = "<group>";
		};
		D9AFF7B618FBEC6D00EF194D /* Main.storyboard */ = {
			isa = PBXVariantGroup;
			children = (
				D9AFF7B718FBEC6D00EF194D /* Base */,
			);
			name = Main.storyboard;
			sourceTree = "<group>";
		};
		D9AFF7D118FBEC6D00EF194D /* InfoPlist.strings */ = {
			isa = PBXVariantGroup;
			children = (
				D9AFF7D218FBEC6D00EF194D /* en */,
			);
			name = InfoPlist.strings;
			sourceTree = "<group>";
		};
/* End PBXVariantGroup section */

/* Begin XCBuildConfiguration section */
		D9AFF7D618FBEC6D00EF194D /* Debug */ = {
			isa = XCBuildConfiguration;
			buildSettings = {
				ALWAYS_SEARCH_USER_PATHS = NO;
				CLANG_CXX_LANGUAGE_STANDARD = "gnu++0x";
				CLANG_CXX_LIBRARY = "libc++";
				CLANG_ENABLE_MODULES = YES;
				CLANG_ENABLE_OBJC_ARC = YES;
				CLANG_WARN_BLOCK_CAPTURE_AUTORELEASING = YES;
				CLANG_WARN_BOOL_CONVERSION = YES;
				CLANG_WARN_COMMA = YES;
				CLANG_WARN_CONSTANT_CONVERSION = YES;
				CLANG_WARN_DIRECT_OBJC_ISA_USAGE = YES_ERROR;
				CLANG_WARN_EMPTY_BODY = YES;
				CLANG_WARN_ENUM_CONVERSION = YES;
				CLANG_WARN_INFINITE_RECURSION = YES;
				CLANG_WARN_INT_CONVERSION = YES;
				CLANG_WARN_NON_LITERAL_NULL_CONVERSION = YES;
				CLANG_WARN_OBJC_LITERAL_CONVERSION = YES;
				CLANG_WARN_OBJC_ROOT_CLASS = YES_ERROR;
				CLANG_WARN_RANGE_LOOP_ANALYSIS = YES;
				CLANG_WARN_STRICT_PROTOTYPES = YES;
				CLANG_WARN_SUSPICIOUS_MOVE = YES;
				CLANG_WARN_UNREACHABLE_CODE = YES;
				CLANG_WARN__DUPLICATE_METHOD_MATCH = YES;
				"CODE_SIGN_IDENTITY[sdk=iphoneos*]" = "iPhone Developer";
				COPY_PHASE_STRIP = NO;
				ENABLE_STRICT_OBJC_MSGSEND = YES;
				ENABLE_TESTABILITY = YES;
				GCC_C_LANGUAGE_STANDARD = gnu99;
				GCC_DYNAMIC_NO_PIC = NO;
				GCC_NO_COMMON_BLOCKS = YES;
				GCC_OPTIMIZATION_LEVEL = 0;
				GCC_PREPROCESSOR_DEFINITIONS = (
					"DEBUG=1",
					"$(inherited)",
				);
				GCC_SYMBOLS_PRIVATE_EXTERN = NO;
				GCC_WARN_64_TO_32_BIT_CONVERSION = YES;
				GCC_WARN_ABOUT_RETURN_TYPE = YES_ERROR;
				GCC_WARN_UNDECLARED_SELECTOR = YES;
				GCC_WARN_UNINITIALIZED_AUTOS = YES_AGGRESSIVE;
				GCC_WARN_UNUSED_FUNCTION = YES;
				GCC_WARN_UNUSED_VARIABLE = YES;
				IPHONEOS_DEPLOYMENT_TARGET = 10.0;
				ONLY_ACTIVE_ARCH = YES;
				SDKROOT = iphoneos;
			};
			name = Debug;
		};
		D9AFF7D718FBEC6D00EF194D /* Release */ = {
			isa = XCBuildConfiguration;
			buildSettings = {
				ALWAYS_SEARCH_USER_PATHS = NO;
				CLANG_CXX_LANGUAGE_STANDARD = "gnu++0x";
				CLANG_CXX_LIBRARY = "libc++";
				CLANG_ENABLE_MODULES = YES;
				CLANG_ENABLE_OBJC_ARC = YES;
				CLANG_WARN_BLOCK_CAPTURE_AUTORELEASING = YES;
				CLANG_WARN_BOOL_CONVERSION = YES;
				CLANG_WARN_COMMA = YES;
				CLANG_WARN_CONSTANT_CONVERSION = YES;
				CLANG_WARN_DIRECT_OBJC_ISA_USAGE = YES_ERROR;
				CLANG_WARN_EMPTY_BODY = YES;
				CLANG_WARN_ENUM_CONVERSION = YES;
				CLANG_WARN_INFINITE_RECURSION = YES;
				CLANG_WARN_INT_CONVERSION = YES;
				CLANG_WARN_NON_LITERAL_NULL_CONVERSION = YES;
				CLANG_WARN_OBJC_LITERAL_CONVERSION = YES;
				CLANG_WARN_OBJC_ROOT_CLASS = YES_ERROR;
				CLANG_WARN_RANGE_LOOP_ANALYSIS = YES;
				CLANG_WARN_STRICT_PROTOTYPES = YES;
				CLANG_WARN_SUSPICIOUS_MOVE = YES;
				CLANG_WARN_UNREACHABLE_CODE = YES;
				CLANG_WARN__DUPLICATE_METHOD_MATCH = YES;
				"CODE_SIGN_IDENTITY[sdk=iphoneos*]" = "iPhone Developer";
				COPY_PHASE_STRIP = YES;
				ENABLE_NS_ASSERTIONS = NO;
				ENABLE_STRICT_OBJC_MSGSEND = YES;
				GCC_C_LANGUAGE_STANDARD = gnu99;
				GCC_NO_COMMON_BLOCKS = YES;
				GCC_WARN_64_TO_32_BIT_CONVERSION = YES;
				GCC_WARN_ABOUT_RETURN_TYPE = YES_ERROR;
				GCC_WARN_UNDECLARED_SELECTOR = YES;
				GCC_WARN_UNINITIALIZED_AUTOS = YES_AGGRESSIVE;
				GCC_WARN_UNUSED_FUNCTION = YES;
				GCC_WARN_UNUSED_VARIABLE = YES;
				IPHONEOS_DEPLOYMENT_TARGET = 10.0;
				SDKROOT = iphoneos;
				VALIDATE_PRODUCT = YES;
			};
			name = Release;
		};
		D9AFF7D918FBEC6D00EF194D /* Debug */ = {
			isa = XCBuildConfiguration;
			buildSettings = {
				ASSETCATALOG_COMPILER_APPICON_NAME = AppIcon;
				ASSETCATALOG_COMPILER_LAUNCHIMAGE_NAME = LaunchImage;
				GCC_PRECOMPILE_PREFIX_HEADER = YES;
				GCC_PREFIX_HEADER = "Star Far/Star Far-Prefix.pch";
				INFOPLIST_FILE = "Star Far/Star Far-Info.plist";
				PRODUCT_BUNDLE_IDENTIFIER = "com.Aggelos.${PRODUCT_NAME:rfc1034identifier}";
				PRODUCT_NAME = "Star Far";
				SPRITEKIT_TEXTURE_ATLAS_OUTPUT = YES;
				WRAPPER_EXTENSION = app;
			};
			name = Debug;
		};
		D9AFF7DA18FBEC6D00EF194D /* Release */ = {
			isa = XCBuildConfiguration;
			buildSettings = {
				ASSETCATALOG_COMPILER_APPICON_NAME = AppIcon;
				ASSETCATALOG_COMPILER_LAUNCHIMAGE_NAME = LaunchImage;
				GCC_PRECOMPILE_PREFIX_HEADER = YES;
				GCC_PREFIX_HEADER = "Star Far/Star Far-Prefix.pch";
				INFOPLIST_FILE = "Star Far/Star Far-Info.plist";
				PRODUCT_BUNDLE_IDENTIFIER = "com.Aggelos.${PRODUCT_NAME:rfc1034identifier}";
				PRODUCT_NAME = "Star Far";
				SPRITEKIT_TEXTURE_ATLAS_OUTPUT = YES;
				WRAPPER_EXTENSION = app;
			};
			name = Release;
		};
		D9AFF7DC18FBEC6D00EF194D /* Debug */ = {
			isa = XCBuildConfiguration;
			buildSettings = {
				BUNDLE_LOADER = "$(BUILT_PRODUCTS_DIR)/Star Far.app/Star Far";
				FRAMEWORK_SEARCH_PATHS = (
					"$(SDKROOT)/Developer/Library/Frameworks",
					"$(inherited)",
					"$(DEVELOPER_FRAMEWORKS_DIR)",
				);
				GCC_PRECOMPILE_PREFIX_HEADER = YES;
				GCC_PREFIX_HEADER = "Star Far/Star Far-Prefix.pch";
				GCC_PREPROCESSOR_DEFINITIONS = (
					"DEBUG=1",
					"$(inherited)",
				);
				INFOPLIST_FILE = "Star FarTests/Star FarTests-Info.plist";
				PRODUCT_BUNDLE_IDENTIFIER = "com.Aggelos.${PRODUCT_NAME:rfc1034identifier}";
				PRODUCT_NAME = "Star FarTests";
				TEST_HOST = "$(BUNDLE_LOADER)";
				WRAPPER_EXTENSION = xctest;
			};
			name = Debug;
		};
		D9AFF7DD18FBEC6D00EF194D /* Release */ = {
			isa = XCBuildConfiguration;
			buildSettings = {
				BUNDLE_LOADER = "$(BUILT_PRODUCTS_DIR)/Star Far.app/Star Far";
				FRAMEWORK_SEARCH_PATHS = (
					"$(SDKROOT)/Developer/Library/Frameworks",
					"$(inherited)",
					"$(DEVELOPER_FRAMEWORKS_DIR)",
				);
				GCC_PRECOMPILE_PREFIX_HEADER = YES;
				GCC_PREFIX_HEADER = "Star Far/Star Far-Prefix.pch";
				INFOPLIST_FILE = "Star FarTests/Star FarTests-Info.plist";
				PRODUCT_BUNDLE_IDENTIFIER = "com.Aggelos.${PRODUCT_NAME:rfc1034identifier}";
				PRODUCT_NAME = "Star FarTests";
				TEST_HOST = "$(BUNDLE_LOADER)";
				WRAPPER_EXTENSION = xctest;
			};
			name = Release;
		};
/* End XCBuildConfiguration section */

/* Begin XCConfigurationList section */
		D9AFF79A18FBEC6D00EF194D /* Build configuration list for PBXProject "Star Far" */ = {
			isa = XCConfigurationList;
			buildConfigurations = (
				D9AFF7D618FBEC6D00EF194D /* Debug */,
				D9AFF7D718FBEC6D00EF194D /* Release */,
			);
			defaultConfigurationIsVisible = 0;
			defaultConfigurationName = Release;
		};
		D9AFF7D818FBEC6D00EF194D /* Build configuration list for PBXNativeTarget "Star Far" */ = {
			isa = XCConfigurationList;
			buildConfigurations = (
				D9AFF7D918FBEC6D00EF194D /* Debug */,
				D9AFF7DA18FBEC6D00EF194D /* Release */,
			);
			defaultConfigurationIsVisible = 0;
			defaultConfigurationName = Release;
		};
		D9AFF7DB18FBEC6D00EF194D /* Build configuration list for PBXNativeTarget "Star FarTests" */ = {
			isa = XCConfigurationList;
			buildConfigurations = (
				D9AFF7DC18FBEC6D00EF194D /* Debug */,
				D9AFF7DD18FBEC6D00EF194D /* Release */,
			);
			defaultConfigurationIsVisible = 0;
			defaultConfigurationName = Release;
		};
/* End XCConfigurationList section */
	};
	rootObject = D9AFF79718FBEC6D00EF194D /* Project object */;
}
